
Microsoft Visual Studio Solution File, Format Version 12.00
# Visual Studio 2013
VisualStudioVersion = 12.0.31101.0
MinimumVisualStudioVersion = 10.0.40219.1
Project("{FAE04EC0-301F-11D3-BF4B-00C04F79EFBC}") = "Data", "Data\Data.csproj", "{AD8EC0F6-8520-4741-82BB-31B7947703EC}"
EndProject
Project("{FAE04EC0-301F-11D3-BF4B-00C04F79EFBC}") = "Admin", "Admin\Admin.csproj", "{3FEC16FB-7D13-4C03-8BA9-323D5D4E7519}"
EndProject
Project("{FAE04EC0-301F-11D3-BF4B-00C04F79EFBC}") = "Web", "Web\Web.csproj", "{8FD42374-C2F0-4196-BC1A-6DF7AAD1906E}"
EndProject
Global
	GlobalSection(SolutionConfigurationPlatforms) = preSolution
		Debug|Any CPU = Debug|Any CPU
		Release|Any CPU = Release|Any CPU
	EndGlobalSection
	GlobalSection(ProjectConfigurationPlatforms) = postSolution
		{AD8EC0F6-8520-4741-82BB-31B7947703EC}.Debug|Any CPU.ActiveCfg = Debug|Any CPU
		{AD8EC0F6-8520-4741-82BB-31B7947703EC}.Debug|Any CPU.Build.0 = Debug|Any CPU
		{AD8EC0F6-8520-4741-82BB-31B7947703EC}.Release|Any CPU.ActiveCfg = Release|Any CPU
		{AD8EC0F6-8520-4741-82BB-31B7947703EC}.Release|Any CPU.Build.0 = Release|Any CPU
		{3FEC16FB-7D13-4C03-8BA9-323D5D4E7519}.Debug|Any CPU.ActiveCfg = Debug|Any CPU
		{3FEC16FB-7D13-4C03-8BA9-323D5D4E7519}.Debug|Any CPU.Build.0 = Debug|Any CPU
		{3FEC16FB-7D13-4C03-8BA9-323D5D4E7519}.Release|Any CPU.ActiveCfg = Release|Any CPU
		{3FEC16FB-7D13-4C03-8BA9-323D5D4E7519}.Release|Any CPU.Build.0 = Release|Any CPU
		{8FD42374-C2F0-4196-BC1A-6DF7AAD1906E}.Debug|Any CPU.ActiveCfg = Debug|Any CPU
		{8FD42374-C2F0-4196-BC1A-6DF7AAD1906E}.Debug|Any CPU.Build.0 = Debug|Any CPU
		{8FD42374-C2F0-4196-BC1A-6DF7AAD1906E}.Release|Any CPU.ActiveCfg = Release|Any CPU
		{8FD42374-C2F0-4196-BC1A-6DF7AAD1906E}.Release|Any CPU.Build.0 = Release|Any CPU
	EndGlobalSection
	GlobalSection(SolutionProperties) = preSolution
		HideSolutionNode = FALSE
	EndGlobalSection
EndGlobal
